// !$*UTF8*$!
{
	archiveVersion = 1;
	classes = {
	};
	objectVersion = 55;
	objects = {

/* Begin PBXBuildFile section */
		2D43D16A28ECADC0008DB94C /* AppDelegate.swift in Sources */ = {isa = PBXBuildFile; fileRef = 2D43D16928ECADC0008DB94C /* AppDelegate.swift */; };
		2D43D16C28ECADC0008DB94C /* SceneDelegate.swift in Sources */ = {isa = PBXBuildFile; fileRef = 2D43D16B28ECADC0008DB94C /* SceneDelegate.swift */; };
		2D43D16E28ECADC0008DB94C /* ViewController.swift in Sources */ = {isa = PBXBuildFile; fileRef = 2D43D16D28ECADC0008DB94C /* ViewController.swift */; };
		2D43D17128ECADC0008DB94C /* Main.storyboard in Resources */ = {isa = PBXBuildFile; fileRef = 2D43D16F28ECADC0008DB94C /* Main.storyboard */; };
		2D43D17328ECADC1008DB94C /* Assets.xcassets in Resources */ = {isa = PBXBuildFile; fileRef = 2D43D17228ECADC1008DB94C /* Assets.xcassets */; };
		2D43D17628ECADC1008DB94C /* LaunchScreen.storyboard in Resources */ = {isa = PBXBuildFile; fileRef = 2D43D17428ECADC1008DB94C /* LaunchScreen.storyboard */; };
		2DB0797928EE187B00CF4372 /* Celda.swift in Sources */ = {isa = PBXBuildFile; fileRef = 2DB0797828EE187B00CF4372 /* Celda.swift */; };
		2DB0797F28EF39BE00CF4372 /* Muertos.swift in Sources */ = {isa = PBXBuildFile; fileRef = 2DB0797E28EF39BE00CF4372 /* Muertos.swift */; };
		2DB0798128EF3AA500CF4372 /* Protocolo.swift in Sources */ = {isa = PBXBuildFile; fileRef = 2DB0798028EF3AA500CF4372 /* Protocolo.swift */; };
/* End PBXBuildFile section */

/* Begin PBXFileReference section */
		2D43D16628ECADC0008DB94C /* Ejercicio3.app */ = {isa = PBXFileReference; explicitFileType = wrapper.application; includeInIndex = 0; path = Ejercicio3.app; sourceTree = BUILT_PRODUCTS_DIR; };
		2D43D16928ECADC0008DB94C /* AppDelegate.swift */ = {isa = PBXFileReference; lastKnownFileType = sourcecode.swift; path = AppDelegate.swift; sourceTree = "<group>"; };
		2D43D16B28ECADC0008DB94C /* SceneDelegate.swift */ = {isa = PBXFileReference; lastKnownFileType = sourcecode.swift; path = SceneDelegate.swift; sourceTree = "<group>"; };
		2D43D16D28ECADC0008DB94C /* ViewController.swift */ = {isa = PBXFileReference; lastKnownFileType = sourcecode.swift; path = ViewController.swift; sourceTree = "<group>"; };
		2D43D17028ECADC0008DB94C /* Base */ = {isa = PBXFileReference; lastKnownFileType = file.storyboard; name = Base; path = Base.lproj/Main.storyboard; sourceTree = "<group>"; };
		2D43D17228ECADC1008DB94C /* Assets.xcassets */ = {isa = PBXFileReference; lastKnownFileType = folder.assetcatalog; path = Assets.xcassets; sourceTree = "<group>"; };
		2D43D17528ECADC1008DB94C /* Base */ = {isa = PBXFileReference; lastKnownFileType = file.storyboard; name = Base; path = Base.lproj/LaunchScreen.storyboard; sourceTree = "<group>"; };
		2D43D17728ECADC1008DB94C /* Info.plist */ = {isa = PBXFileReference; lastKnownFileType = text.plist.xml; path = Info.plist; sourceTree = "<group>"; };
		2DB0797828EE187B00CF4372 /* Celda.swift */ = {isa = PBXFileReference; lastKnownFileType = sourcecode.swift; path = Celda.swift; sourceTree = "<group>"; };
		2DB0797E28EF39BE00CF4372 /* Muertos.swift */ = {isa = PBXFileReference; lastKnownFileType = sourcecode.swift; path = Muertos.swift; sourceTree = "<group>"; };
		2DB0798028EF3AA500CF4372 /* Protocolo.swift */ = {isa = PBXFileReference; lastKnownFileType = sourcecode.swift; path = Protocolo.swift; sourceTree = "<group>"; };
/* End PBXFileReference section */

/* Begin PBXFrameworksBuildPhase section */
		2D43D16328ECADC0008DB94C /* Frameworks */ = {
			isa = PBXFrameworksBuildPhase;
			buildActionMask = 2147483647;
			files = (
			);
			runOnlyForDeploymentPostprocessing = 0;
		};
/* End PBXFrameworksBuildPhase section */

/* Begin PBXGroup section */
		2D43D15D28ECADC0008DB94C = {
			isa = PBXGroup;
			children = (
				2D43D16828ECADC0008DB94C /* Ejercicio3 */,
				2D43D16728ECADC0008DB94C /* Products */,
			);
			sourceTree = "<group>";
		};
		2D43D16728ECADC0008DB94C /* Products */ = {
			isa = PBXGroup;
			children = (
				2D43D16628ECADC0008DB94C /* Ejercicio3.app */,
			);
			name = Products;
			sourceTree = "<group>";
		};
		2D43D16828ECADC0008DB94C /* Ejercicio3 */ = {
			isa = PBXGroup;
			children = (
				2DB0798028EF3AA500CF4372 /* Protocolo.swift */,
				2D43D16928ECADC0008DB94C /* AppDelegate.swift */,
				2DB0797E28EF39BE00CF4372 /* Muertos.swift */,
				2D43D16B28ECADC0008DB94C /* SceneDelegate.swift */,
				2D43D16D28ECADC0008DB94C /* ViewController.swift */,
				2D43D16F28ECADC0008DB94C /* Main.storyboard */,
				2DB0797828EE187B00CF4372 /* Celda.swift */,
				2D43D17228ECADC1008DB94C /* Assets.xcassets */,
				2D43D17428ECADC1008DB94C /* LaunchScreen.storyboard */,
				2D43D17728ECADC1008DB94C /* Info.plist */,
			);
			path = Ejercicio3;
			sourceTree = "<group>";
		};
/* End PBXGroup section */

/* Begin PBXNativeTarget section */
		2D43D16528ECADC0008DB94C /* Ejercicio3 */ = {
			isa = PBXNativeTarget;
			buildConfigurationList = 2D43D17A28ECADC1008DB94C /* Build configuration list for PBXNativeTarget "Ejercicio3" */;
			buildPhases = (
				2D43D16228ECADC0008DB94C /* Sources */,
				2D43D16328ECADC0008DB94C /* Frameworks */,
				2D43D16428ECADC0008DB94C /* Resources */,
			);
			buildRules = (
			);
			dependencies = (
			);
			name = Ejercicio3;
			productName = Ejercicio3;
			productReference = 2D43D16628ECADC0008DB94C /* Ejercicio3.app */;
			productType = "com.apple.product-type.application";
		};
/* End PBXNativeTarget section */

/* Begin PBXProject section */
		2D43D15E28ECADC0008DB94C /* Project object */ = {
			isa = PBXProject;
			attributes = {
				BuildIndependentTargetsInParallel = 1;
				LastSwiftUpdateCheck = 1340;
				LastUpgradeCheck = 1340;
				TargetAttributes = {
					2D43D16528ECADC0008DB94C = {
						CreatedOnToolsVersion = 13.4.1;
					};
				};
			};
			buildConfigurationList = 2D43D16128ECADC0008DB94C /* Build configuration list for PBXProject "Ejercicio3" */;
			compatibilityVersion = "Xcode 13.0";
			developmentRegion = en;
			hasScannedForEncodings = 0;
			knownRegions = (
				en,
				Base,
			);
			mainGroup = 2D43D15D28ECADC0008DB94C;
			productRefGroup = 2D43D16728ECADC0008DB94C /* Products */;
			projectDirPath = "";
			projectRoot = "";
			targets = (
				2D43D16528ECADC0008DB94C /* Ejercicio3 */,
			);
		};
/* End PBXProject section */

/* Begin PBXResourcesBuildPhase section */
		2D43D16428ECADC0008DB94C /* Resources */ = {
			isa = PBXResourcesBuildPhase;
			buildActionMask = 2147483647;
			files = (
				2D43D17628ECADC1008DB94C /* LaunchScreen.storyboard in Resources */,
				2D43D17328ECADC1008DB94C /* Assets.xcassets in Resources */,
				2D43D17128ECADC0008DB94C /* Main.storyboard in Resources */,
			);
			runOnlyForDeploymentPostprocessing = 0;
		};
/* End PBXResourcesBuildPhase section */

/* Begin PBXSourcesBuildPhase section */
		2D43D16228ECADC0008DB94C /* Sources */ = {
			isa = PBXSourcesBuildPhase;
			buildActionMask = 2147483647;
			files = (
				2DB0797F28EF39BE00CF4372 /* Muertos.swift in Sources */,
				2D43D16E28ECADC0008DB94C /* ViewController.swift in Sources */,
				2D43D16A28ECADC0008DB94C /* AppDelegate.swift in Sources */,
				2D43D16C28ECADC0008DB94C /* SceneDelegate.swift in Sources */,
				2DB0797928EE187B00CF4372 /* Celda.swift in Sources */,
				2DB0798128EF3AA500CF4372 /* Protocolo.swift in Sources */,
			);
			runOnlyForDeploymentPostprocessing = 0;
		};
/* End PBXSourcesBuildPhase section */

/* Begin PBXVariantGroup section */
		2D43D16F28ECADC0008DB94C /* Main.storyboard */ = {
			isa = PBXVariantGroup;
			children = (
				2D43D17028ECADC0008DB94C /* Base */,
			);
			name = Main.storyboard;
			sourceTree = "<group>";
		};
		2D43D17428ECADC1008DB94C /* LaunchScreen.storyboard */ = {
			isa = PBXVariantGroup;
			children = (
				2D43D17528ECADC1008DB94C /* Base */,
			);
			name = LaunchScreen.storyboard;
			sourceTree = "<group>";
		};
/* End PBXVariantGroup section */

/* Begin XCBuildConfiguration section */
		2D43D17828ECADC1008DB94C /* Debug */ = {
			isa = XCBuildConfiguration;
			buildSettings = {
				ALWAYS_SEARCH_USER_PATHS = NO;
				CLANG_ANALYZER_NONNULL = YES;
				CLANG_ANALYZER_NUMBER_OBJECT_CONVERSION = YES_AGGRESSIVE;
				CLANG_CXX_LANGUAGE_STANDARD = "gnu++17";
				CLANG_ENABLE_MODULES = YES;
				CLANG_ENABLE_OBJC_ARC = YES;
				CLANG_ENABLE_OBJC_WEAK = YES;
				CLANG_WARN_BLOCK_CAPTURE_AUTORELEASING = YES;
				CLANG_WARN_BOOL_CONVERSION = YES;
				CLANG_WARN_COMMA = YES;
				CLANG_WARN_CONSTANT_CONVERSION = YES;
				CLANG_WARN_DEPRECATED_OBJC_IMPLEMENTATIONS = YES;
				CLANG_WARN_DIRECT_OBJC_ISA_USAGE = YES_ERROR;
				CLANG_WARN_DOCUMENTATION_COMMENTS = YES;
				CLANG_WARN_EMPTY_BODY = YES;
				CLANG_WARN_ENUM_CONVERSION = YES;
				CLANG_WARN_INFINITE_RECURSION = YES;
				CLANG_WARN_INT_CONVERSION = YES;
				CLANG_WARN_NON_LITERAL_NULL_CONVERSION = YES;
				CLANG_WARN_OBJC_IMPLICIT_RETAIN_SELF = YES;
				CLANG_WARN_OBJC_LITERAL_CONVERSION = YES;
				CLANG_WARN_OBJC_ROOT_CLASS = YES_ERROR;
				CLANG_WARN_QUOTED_INCLUDE_IN_FRAMEWORK_HEADER = YES;
				CLANG_WARN_RANGE_LOOP_ANALYSIS = YES;
				CLANG_WARN_STRICT_PROTOTYPES = YES;
				CLANG_WARN_SUSPICIOUS_MOVE = YES;
				CLANG_WARN_UNGUARDED_AVAILABILITY = YES_AGGRESSIVE;
				CLANG_WARN_UNREACHABLE_CODE = YES;
				CLANG_WARN__DUPLICATE_METHOD_MATCH = YES;
				COPY_PHASE_STRIP = NO;
				DEBUG_INFORMATION_FORMAT = dwarf;
				ENABLE_STRICT_OBJC_MSGSEND = YES;
				ENABLE_TESTABILITY = YES;
				GCC_C_LANGUAGE_STANDARD = gnu11;
				GCC_DYNAMIC_NO_PIC = NO;
				GCC_NO_COMMON_BLOCKS = YES;
				GCC_OPTIMIZATION_LEVEL = 0;
				GCC_PREPROCESSOR_DEFINITIONS = (
					"DEBUG=1",
					"$(inherited)",
				);
				GCC_WARN_64_TO_32_BIT_CONVERSION = YES;
				GCC_WARN_ABOUT_RETURN_TYPE = YES_ERROR;
				GCC_WARN_UNDECLARED_SELECTOR = YES;
				GCC_WARN_UNINITIALIZED_AUTOS = YES_AGGRESSIVE;
				GCC_WARN_UNUSED_FUNCTION = YES;
				GCC_WARN_UNUSED_VARIABLE = YES;
				IPHONEOS_DEPLOYMENT_TARGET = 15.5;
				MTL_ENABLE_DEBUG_INFO = INCLUDE_SOURCE;
				MTL_FAST_MATH = YES;
				ONLY_ACTIVE_ARCH = YES;
				SDKROOT = iphoneos;
				SWIFT_ACTIVE_COMPILATION_CONDITIONS = DEBUG;
				SWIFT_OPTIMIZATION_LEVEL = "-Onone";
			};
			name = Debug;
		};
		2D43D17928ECADC1008DB94C /* Release */ = {
			isa = XCBuildConfiguration;
			buildSettings = {
				ALWAYS_SEARCH_USER_PATHS = NO;
				CLANG_ANALYZER_NONNULL = YES;
				CLANG_ANALYZER_NUMBER_OBJECT_CONVERSION = YES_AGGRESSIVE;
				CLANG_CXX_LANGUAGE_STANDARD = "gnu++17";
				CLANG_ENABLE_MODULES = YES;
				CLANG_ENABLE_OBJC_ARC = YES;
				CLANG_ENABLE_OBJC_WEAK = YES;
				CLANG_WARN_BLOCK_CAPTURE_AUTORELEASING = YES;
				CLANG_WARN_BOOL_CONVERSION = YES;
				CLANG_WARN_COMMA = YES;
				CLANG_WARN_CONSTANT_CONVERSION = YES;
				CLANG_WARN_DEPRECATED_OBJC_IMPLEMENTATIONS = YES;
				CLANG_WARN_DIRECT_OBJC_ISA_USAGE = YES_ERROR;
				CLANG_WARN_DOCUMENTATION_COMMENTS = YES;
				CLANG_WARN_EMPTY_BODY = YES;
				CLANG_WARN_ENUM_CONVERSION = YES;
				CLANG_WARN_INFINITE_RECURSION = YES;
				CLANG_WARN_INT_CONVERSION = YES;
				CLANG_WARN_NON_LITERAL_NULL_CONVERSION = YES;
				CLANG_WARN_OBJC_IMPLICIT_RETAIN_SELF = YES;
				CLANG_WARN_OBJC_LITERAL_CONVERSION = YES;
				CLANG_WARN_OBJC_ROOT_CLASS = YES_ERROR;
				CLANG_WARN_QUOTED_INCLUDE_IN_FRAMEWORK_HEADER = YES;
				CLANG_WARN_RANGE_LOOP_ANALYSIS = YES;
				CLANG_WARN_STRICT_PROTOTYPES = YES;
				CLANG_WARN_SUSPICIOUS_MOVE = YES;
				CLANG_WARN_UNGUARDED_AVAILABILITY = YES_AGGRESSIVE;
				CLANG_WARN_UNREACHABLE_CODE = YES;
				CLANG_WARN__DUPLICATE_METHOD_MATCH = YES;
				COPY_PHASE_STRIP = NO;
				DEBUG_INFORMATION_FORMAT = "dwarf-with-dsym";
				ENABLE_NS_ASSERTIONS = NO;
				ENABLE_STRICT_OBJC_MSGSEND = YES;
				GCC_C_LANGUAGE_STANDARD = gnu11;
				GCC_NO_COMMON_BLOCKS = YES;
				GCC_WARN_64_TO_32_BIT_CONVERSION = YES;
				GCC_WARN_ABOUT_RETURN_TYPE = YES_ERROR;
				GCC_WARN_UNDECLARED_SELECTOR = YES;
				GCC_WARN_UNINITIALIZED_AUTOS = YES_AGGRESSIVE;
				GCC_WARN_UNUSED_FUNCTION = YES;
				GCC_WARN_UNUSED_VARIABLE = YES;
				IPHONEOS_DEPLOYMENT_TARGET = 15.5;
				MTL_ENABLE_DEBUG_INFO = NO;
				MTL_FAST_MATH = YES;
				SDKROOT = iphoneos;
				SWIFT_COMPILATION_MODE = wholemodule;
				SWIFT_OPTIMIZATION_LEVEL = "-O";
				VALIDATE_PRODUCT = YES;
			};
			name = Release;
		};
		2D43D17B28ECADC1008DB94C /* Debug */ = {
			isa = XCBuildConfiguration;
			buildSettings = {
				ASSETCATALOG_COMPILER_APPICON_NAME = AppIcon;
				ASSETCATALOG_COMPILER_GLOBAL_ACCENT_COLOR_NAME = AccentColor;
				CODE_SIGN_STYLE = Automatic;
				CURRENT_PROJECT_VERSION = 1;
				GENERATE_INFOPLIST_FILE = YES;
				INFOPLIST_FILE = Ejercicio3/Info.plist;
				INFOPLIST_KEY_UIApplicationSupportsIndirectInputEvents = YES;
				INFOPLIST_KEY_UILaunchStoryboardName = LaunchScreen;
				INFOPLIST_KEY_UIMainStoryboardFile = Main;
				INFOPLIST_KEY_UISupportedInterfaceOrientations_iPad = "UIInterfaceOrientationPortrait UIInterfaceOrientationPortraitUpsideDown UIInterfaceOrientationLandscapeLeft UIInterfaceOrientationLandscapeRight";
				INFOPLIST_KEY_UISupportedInterfaceOrientations_iPhone = "UIInterfaceOrientationPortrait UIInterfaceOrientationLandscapeLeft UIInterfaceOrientationLandscapeRight";
				LD_RUNPATH_SEARCH_PATHS = (
					"$(inherited)",
					"@executable_path/Frameworks",
				);
				MARKETING_VERSION = 1.0;
				PRODUCT_BUNDLE_IDENTIFIER = com.joaquin.Ejercicio3;
				PRODUCT_NAME = "$(TARGET_NAME)";
				SWIFT_EMIT_LOC_STRINGS = YES;
				SWIFT_VERSION = 5.0;
				TARGETED_DEVICE_FAMILY = "1,2";
			};
			name = Debug;
		};
		2D43D17C28ECADC1008DB94C /* Release */ = {
			isa = XCBuildConfiguration;
			buildSettings = {
				ASSETCATALOG_COMPILER_APPICON_NAME = AppIcon;
				ASSETCATALOG_COMPILER_GLOBAL_ACCENT_COLOR_NAME = AccentColor;
				CODE_SIGN_STYLE = Automatic;
				CURRENT_PROJECT_VERSION = 1;
				GENERATE_INFOPLIST_FILE = YES;
				INFOPLIST_FILE = Ejercicio3/Info.plist;
				INFOPLIST_KEY_UIApplicationSupportsIndirectInputEvents = YES;
				INFOPLIST_KEY_UILaunchStoryboardName = LaunchScreen;
				INFOPLIST_KEY_UIMainStoryboardFile = Main;
				INFOPLIST_KEY_UISupportedInterfaceOrientations_iPad = "UIInterfaceOrientationPortrait UIInterfaceOrientationPortraitUpsideDown UIInterfaceOrientationLandscapeLeft UIInterfaceOrientationLandscapeRight";
				INFOPLIST_KEY_UISupportedInterfaceOrientations_iPhone = "UIInterfaceOrientationPortrait UIInterfaceOrientationLandscapeLeft UIInterfaceOrientationLandscapeRight";
				LD_RUNPATH_SEARCH_PATHS = (
					"$(inherited)",
					"@executable_path/Frameworks",
				);
				MARKETING_VERSION = 1.0;
				PRODUCT_BUNDLE_IDENTIFIER = com.joaquin.Ejercicio3;
				PRODUCT_NAME = "$(TARGET_NAME)";
				SWIFT_EMIT_LOC_STRINGS = YES;
				SWIFT_VERSION = 5.0;
				TARGETED_DEVICE_FAMILY = "1,2";
			};
			name = Release;
		};
/* End XCBuildConfiguration section */

/* Begin XCConfigurationList section */
		2D43D16128ECADC0008DB94C /* Build configuration list for PBXProject "Ejercicio3" */ = {
			isa = XCConfigurationList;
			buildConfigurations = (
				2D43D17828ECADC1008DB94C /* Debug */,
				2D43D17928ECADC1008DB94C /* Release */,
			);
			defaultConfigurationIsVisible = 0;
			defaultConfigurationName = Release;
		};
		2D43D17A28ECADC1008DB94C /* Build configuration list for PBXNativeTarget "Ejercicio3" */ = {
			isa = XCConfigurationList;
			buildConfigurations = (
				2D43D17B28ECADC1008DB94C /* Debug */,
				2D43D17C28ECADC1008DB94C /* Release */,
			);
			defaultConfigurationIsVisible = 0;
			defaultConfigurationName = Release;
		};
/* End XCConfigurationList section */
	};
	rootObject = 2D43D15E28ECADC0008DB94C /* Project object */;
}
